// !$*UTF8*$!
{
	archiveVersion = 1;
	classes = {
	};
	objectVersion = 50;
	objects = {

/* Begin PBXBuildFile section */
		511DD12C24F693B0003BAA23 /* EnvironmentObject_ExamplesApp.swift in Sources */ = {isa = PBXBuildFile; fileRef = 511DD11924F693AE003BAA23 /* EnvironmentObject_ExamplesApp.swift */; };
		511DD12D24F693B0003BAA23 /* EnvironmentObject_ExamplesApp.swift in Sources */ = {isa = PBXBuildFile; fileRef = 511DD11924F693AE003BAA23 /* EnvironmentObject_ExamplesApp.swift */; };
		511DD12E24F693B0003BAA23 /* ContentView.swift in Sources */ = {isa = PBXBuildFile; fileRef = 511DD11A24F693AE003BAA23 /* ContentView.swift */; };
		511DD12F24F693B0003BAA23 /* ContentView.swift in Sources */ = {isa = PBXBuildFile; fileRef = 511DD11A24F693AE003BAA23 /* ContentView.swift */; };
		511DD13024F693B0003BAA23 /* Assets.xcassets in Resources */ = {isa = PBXBuildFile; fileRef = 511DD11B24F693B0003BAA23 /* Assets.xcassets */; };
		511DD13124F693B0003BAA23 /* Assets.xcassets in Resources */ = {isa = PBXBuildFile; fileRef = 511DD11B24F693B0003BAA23 /* Assets.xcassets */; };
		511DD13B24F69AAE003BAA23 /* CounterData.swift in Sources */ = {isa = PBXBuildFile; fileRef = 511DD13A24F69AAE003BAA23 /* CounterData.swift */; };
		511DD13C24F69AAE003BAA23 /* CounterData.swift in Sources */ = {isa = PBXBuildFile; fileRef = 511DD13A24F69AAE003BAA23 /* CounterData.swift */; };
		511DD13E24F69AFD003BAA23 /* CounterInEnviromentView.swift in Sources */ = {isa = PBXBuildFile; fileRef = 511DD13D24F69AFD003BAA23 /* CounterInEnviromentView.swift */; };
		511DD13F24F69AFD003BAA23 /* CounterInEnviromentView.swift in Sources */ = {isa = PBXBuildFile; fileRef = 511DD13D24F69AFD003BAA23 /* CounterInEnviromentView.swift */; };
		511DD14124F69B13003BAA23 /* CounterView1.swift in Sources */ = {isa = PBXBuildFile; fileRef = 511DD14024F69B13003BAA23 /* CounterView1.swift */; };
		511DD14224F69B13003BAA23 /* CounterView1.swift in Sources */ = {isa = PBXBuildFile; fileRef = 511DD14024F69B13003BAA23 /* CounterView1.swift */; };
		511DD14424F69B23003BAA23 /* CounterView2.swift in Sources */ = {isa = PBXBuildFile; fileRef = 511DD14324F69B23003BAA23 /* CounterView2.swift */; };
		511DD14524F69B23003BAA23 /* CounterView2.swift in Sources */ = {isa = PBXBuildFile; fileRef = 511DD14324F69B23003BAA23 /* CounterView2.swift */; };
		511DD14924F6B5B8003BAA23 /* PersonData.swift in Sources */ = {isa = PBXBuildFile; fileRef = 511DD14824F6B5B8003BAA23 /* PersonData.swift */; };
		511DD14A24F6B5B8003BAA23 /* PersonData.swift in Sources */ = {isa = PBXBuildFile; fileRef = 511DD14824F6B5B8003BAA23 /* PersonData.swift */; };
		511DD14C24F6B652003BAA23 /* ListWithEnvironmentView.swift in Sources */ = {isa = PBXBuildFile; fileRef = 511DD14B24F6B652003BAA23 /* ListWithEnvironmentView.swift */; };
		511DD14D24F6B652003BAA23 /* ListWithEnvironmentView.swift in Sources */ = {isa = PBXBuildFile; fileRef = 511DD14B24F6B652003BAA23 /* ListWithEnvironmentView.swift */; };
		511DD14F24F6B6BA003BAA23 /* EditView.swift in Sources */ = {isa = PBXBuildFile; fileRef = 511DD14E24F6B6BA003BAA23 /* EditView.swift */; };
		511DD15024F6B6BA003BAA23 /* EditView.swift in Sources */ = {isa = PBXBuildFile; fileRef = 511DD14E24F6B6BA003BAA23 /* EditView.swift */; };
/* End PBXBuildFile section */

/* Begin PBXFileReference section */
		511DD11924F693AE003BAA23 /* EnvironmentObject_ExamplesApp.swift */ = {isa = PBXFileReference; lastKnownFileType = sourcecode.swift; path = EnvironmentObject_ExamplesApp.swift; sourceTree = "<group>"; };
		511DD11A24F693AE003BAA23 /* ContentView.swift */ = {isa = PBXFileReference; lastKnownFileType = sourcecode.swift; path = ContentView.swift; sourceTree = "<group>"; };
		511DD11B24F693B0003BAA23 /* Assets.xcassets */ = {isa = PBXFileReference; lastKnownFileType = folder.assetcatalog; path = Assets.xcassets; sourceTree = "<group>"; };
		511DD12024F693B0003BAA23 /* EnvironmentObject Examples.app */ = {isa = PBXFileReference; explicitFileType = wrapper.application; includeInIndex = 0; path = "EnvironmentObject Examples.app"; sourceTree = BUILT_PRODUCTS_DIR; };
		511DD12324F693B0003BAA23 /* Info.plist */ = {isa = PBXFileReference; lastKnownFileType = text.plist.xml; path = Info.plist; sourceTree = "<group>"; };
		511DD12824F693B0003BAA23 /* EnvironmentObject Examples.app */ = {isa = PBXFileReference; explicitFileType = wrapper.application; includeInIndex = 0; path = "EnvironmentObject Examples.app"; sourceTree = BUILT_PRODUCTS_DIR; };
		511DD12A24F693B0003BAA23 /* Info.plist */ = {isa = PBXFileReference; lastKnownFileType = text.plist.xml; path = Info.plist; sourceTree = "<group>"; };
		511DD12B24F693B0003BAA23 /* macOS.entitlements */ = {isa = PBXFileReference; lastKnownFileType = text.plist.entitlements; path = macOS.entitlements; sourceTree = "<group>"; };
		511DD13A24F69AAE003BAA23 /* CounterData.swift */ = {isa = PBXFileReference; lastKnownFileType = sourcecode.swift; path = CounterData.swift; sourceTree = "<group>"; };
		511DD13D24F69AFD003BAA23 /* CounterInEnviromentView.swift */ = {isa = PBXFileReference; lastKnownFileType = sourcecode.swift; path = CounterInEnviromentView.swift; sourceTree = "<group>"; };
		511DD14024F69B13003BAA23 /* CounterView1.swift */ = {isa = PBXFileReference; lastKnownFileType = sourcecode.swift; path = CounterView1.swift; sourceTree = "<group>"; };
		511DD14324F69B23003BAA23 /* CounterView2.swift */ = {isa = PBXFileReference; lastKnownFileType = sourcecode.swift; path = CounterView2.swift; sourceTree = "<group>"; };
		511DD14824F6B5B8003BAA23 /* PersonData.swift */ = {isa = PBXFileReference; lastKnownFileType = sourcecode.swift; path = PersonData.swift; sourceTree = "<group>"; };
		511DD14B24F6B652003BAA23 /* ListWithEnvironmentView.swift */ = {isa = PBXFileReference; lastKnownFileType = sourcecode.swift; path = ListWithEnvironmentView.swift; sourceTree = "<group>"; };
		511DD14E24F6B6BA003BAA23 /* EditView.swift */ = {isa = PBXFileReference; fileEncoding = 4; lastKnownFileType = sourcecode.swift; path = EditView.swift; sourceTree = "<group>"; };
/* End PBXFileReference section */

/* Begin PBXFrameworksBuildPhase section */
		511DD11D24F693B0003BAA23 /* Frameworks */ = {
			isa = PBXFrameworksBuildPhase;
			buildActionMask = 2147483647;
			files = (
			);
			runOnlyForDeploymentPostprocessing = 0;
		};
		511DD12524F693B0003BAA23 /* Frameworks */ = {
			isa = PBXFrameworksBuildPhase;
			buildActionMask = 2147483647;
			files = (
			);
			runOnlyForDeploymentPostprocessing = 0;
		};
/* End PBXFrameworksBuildPhase section */

/* Begin PBXGroup section */
		511DD11324F693AD003BAA23 = {
			isa = PBXGroup;
			children = (
				511DD11824F693AE003BAA23 /* Shared */,
				511DD12224F693B0003BAA23 /* iOS */,
				511DD12924F693B0003BAA23 /* macOS */,
				511DD12124F693B0003BAA23 /* Products */,
			);
			sourceTree = "<group>";
		};
		511DD11824F693AE003BAA23 /* Shared */ = {
			isa = PBXGroup;
			children = (
				511DD11924F693AE003BAA23 /* EnvironmentObject_ExamplesApp.swift */,
				511DD11A24F693AE003BAA23 /* ContentView.swift */,
				511DD14624F69B2E003BAA23 /* Counter in Enviroment */,
				511DD14724F6B584003BAA23 /* List and Environment */,
				511DD11B24F693B0003BAA23 /* Assets.xcassets */,
			);
			path = Shared;
			sourceTree = "<group>";
		};
		511DD12124F693B0003BAA23 /* Products */ = {
			isa = PBXGroup;
			children = (
				511DD12024F693B0003BAA23 /* EnvironmentObject Examples.app */,
				511DD12824F693B0003BAA23 /* EnvironmentObject Examples.app */,
			);
			name = Products;
			sourceTree = "<group>";
		};
		511DD12224F693B0003BAA23 /* iOS */ = {
			isa = PBXGroup;
			children = (
				511DD12324F693B0003BAA23 /* Info.plist */,
			);
			path = iOS;
			sourceTree = "<group>";
		};
		511DD12924F693B0003BAA23 /* macOS */ = {
			isa = PBXGroup;
			children = (
				511DD12A24F693B0003BAA23 /* Info.plist */,
				511DD12B24F693B0003BAA23 /* macOS.entitlements */,
			);
			path = macOS;
			sourceTree = "<group>";
		};
		511DD14624F69B2E003BAA23 /* Counter in Enviroment */ = {
			isa = PBXGroup;
			children = (
				511DD13D24F69AFD003BAA23 /* CounterInEnviromentView.swift */,
				511DD14024F69B13003BAA23 /* CounterView1.swift */,
				511DD14324F69B23003BAA23 /* CounterView2.swift */,
				511DD13A24F69AAE003BAA23 /* CounterData.swift */,
			);
			path = "Counter in Enviroment";
			sourceTree = "<group>";
		};
		511DD14724F6B584003BAA23 /* List and Environment */ = {
			isa = PBXGroup;
			children = (
				511DD14824F6B5B8003BAA23 /* PersonData.swift */,
				511DD14B24F6B652003BAA23 /* ListWithEnvironmentView.swift */,
				511DD14E24F6B6BA003BAA23 /* EditView.swift */,
			);
			path = "List and Environment";
			sourceTree = "<group>";
		};
/* End PBXGroup section */

/* Begin PBXNativeTarget section */
		511DD11F24F693B0003BAA23 /* EnvironmentObject Examples (iOS) */ = {
			isa = PBXNativeTarget;
			buildConfigurationList = 511DD13424F693B0003BAA23 /* Build configuration list for PBXNativeTarget "EnvironmentObject Examples (iOS)" */;
			buildPhases = (
				511DD11C24F693B0003BAA23 /* Sources */,
				511DD11D24F693B0003BAA23 /* Frameworks */,
				511DD11E24F693B0003BAA23 /* Resources */,
			);
			buildRules = (
			);
			dependencies = (
			);
			name = "EnvironmentObject Examples (iOS)";
			productName = "EnvironmentObject Examples (iOS)";
			productReference = 511DD12024F693B0003BAA23 /* EnvironmentObject Examples.app */;
			productType = "com.apple.product-type.application";
		};
		511DD12724F693B0003BAA23 /* EnvironmentObject Examples (macOS) */ = {
			isa = PBXNativeTarget;
			buildConfigurationList = 511DD13724F693B0003BAA23 /* Build configuration list for PBXNativeTarget "EnvironmentObject Examples (macOS)" */;
			buildPhases = (
				511DD12424F693B0003BAA23 /* Sources */,
				511DD12524F693B0003BAA23 /* Frameworks */,
				511DD12624F693B0003BAA23 /* Resources */,
			);
			buildRules = (
			);
			dependencies = (
			);
			name = "EnvironmentObject Examples (macOS)";
			productName = "EnvironmentObject Examples (macOS)";
			productReference = 511DD12824F693B0003BAA23 /* EnvironmentObject Examples.app */;
			productType = "com.apple.product-type.application";
		};
/* End PBXNativeTarget section */

/* Begin PBXProject section */
		511DD11424F693AD003BAA23 /* Project object */ = {
			isa = PBXProject;
			attributes = {
				LastSwiftUpdateCheck = 1200;
				LastUpgradeCheck = 1200;
				TargetAttributes = {
					511DD11F24F693B0003BAA23 = {
						CreatedOnToolsVersion = 12.0;
					};
					511DD12724F693B0003BAA23 = {
						CreatedOnToolsVersion = 12.0;
					};
				};
			};
			buildConfigurationList = 511DD11724F693AD003BAA23 /* Build configuration list for PBXProject "EnvironmentObject Examples" */;
			compatibilityVersion = "Xcode 9.3";
			developmentRegion = en;
			hasScannedForEncodings = 0;
			knownRegions = (
				en,
				Base,
			);
			mainGroup = 511DD11324F693AD003BAA23;
			productRefGroup = 511DD12124F693B0003BAA23 /* Products */;
			projectDirPath = "";
			projectRoot = "";
			targets = (
				511DD11F24F693B0003BAA23 /* EnvironmentObject Examples (iOS) */,
				511DD12724F693B0003BAA23 /* EnvironmentObject Examples (macOS) */,
			);
		};
/* End PBXProject section */

/* Begin PBXResourcesBuildPhase section */
		511DD11E24F693B0003BAA23 /* Resources */ = {
			isa = PBXResourcesBuildPhase;
			buildActionMask = 2147483647;
			files = (
				511DD13024F693B0003BAA23 /* Assets.xcassets in Resources */,
			);
			runOnlyForDeploymentPostprocessing = 0;
		};
		511DD12624F693B0003BAA23 /* Resources */ = {
			isa = PBXResourcesBuildPhase;
			buildActionMask = 2147483647;
			files = (
				511DD13124F693B0003BAA23 /* Assets.xcassets in Resources */,
			);
			runOnlyForDeploymentPostprocessing = 0;
		};
/* End PBXResourcesBuildPhase section */

/* Begin PBXSourcesBuildPhase section */
		511DD11C24F693B0003BAA23 /* Sources */ = {
			isa = PBXSourcesBuildPhase;
			buildActionMask = 2147483647;
			files = (
				511DD14C24F6B652003BAA23 /* ListWithEnvironmentView.swift in Sources */,
				511DD14424F69B23003BAA23 /* CounterView2.swift in Sources */,
				511DD14124F69B13003BAA23 /* CounterView1.swift in Sources */,
				511DD12E24F693B0003BAA23 /* ContentView.swift in Sources */,
				511DD13E24F69AFD003BAA23 /* CounterInEnviromentView.swift in Sources */,
				511DD14F24F6B6BA003BAA23 /* EditView.swift in Sources */,
				511DD12C24F693B0003BAA23 /* EnvironmentObject_ExamplesApp.swift in Sources */,
				511DD14924F6B5B8003BAA23 /* PersonData.swift in Sources */,
				511DD13B24F69AAE003BAA23 /* CounterData.swift in Sources */,
			);
			runOnlyForDeploymentPostprocessing = 0;
		};
		511DD12424F693B0003BAA23 /* Sources */ = {
			isa = PBXSourcesBuildPhase;
			buildActionMask = 2147483647;
			files = (
				511DD14D24F6B652003BAA23 /* ListWithEnvironmentView.swift in Sources */,
				511DD14524F69B23003BAA23 /* CounterView2.swift in Sources */,
				511DD14224F69B13003BAA23 /* CounterView1.swift in Sources */,
				511DD12F24F693B0003BAA23 /* ContentView.swift in Sources */,
				511DD13F24F69AFD003BAA23 /* CounterInEnviromentView.swift in Sources */,
				511DD15024F6B6BA003BAA23 /* EditView.swift in Sources */,
				511DD12D24F693B0003BAA23 /* EnvironmentObject_ExamplesApp.swift in Sources */,
				511DD14A24F6B5B8003BAA23 /* PersonData.swift in Sources */,
				511DD13C24F69AAE003BAA23 /* CounterData.swift in Sources */,
			);
			runOnlyForDeploymentPostprocessing = 0;
		};
/* End PBXSourcesBuildPhase section */

/* Begin XCBuildConfiguration section */
		511DD13224F693B0003BAA23 /* Debug */ = {
			isa = XCBuildConfiguration;
			buildSettings = {
				ALWAYS_SEARCH_USER_PATHS = NO;
				CLANG_ANALYZER_NONNULL = YES;
				CLANG_ANALYZER_NUMBER_OBJECT_CONVERSION = YES_AGGRESSIVE;
				CLANG_CXX_LANGUAGE_STANDARD = "gnu++14";
				CLANG_CXX_LIBRARY = "libc++";
				CLANG_ENABLE_MODULES = YES;
				CLANG_ENABLE_OBJC_ARC = YES;
				CLANG_ENABLE_OBJC_WEAK = YES;
				CLANG_WARN_BLOCK_CAPTURE_AUTORELEASING = YES;
				CLANG_WARN_BOOL_CONVERSION = YES;
				CLANG_WARN_COMMA = YES;
				CLANG_WARN_CONSTANT_CONVERSION = YES;
				CLANG_WARN_DEPRECATED_OBJC_IMPLEMENTATIONS = YES;
				CLANG_WARN_DIRECT_OBJC_ISA_USAGE = YES_ERROR;
				CLANG_WARN_DOCUMENTATION_COMMENTS = YES;
				CLANG_WARN_EMPTY_BODY = YES;
				CLANG_WARN_ENUM_CONVERSION = YES;
				CLANG_WARN_INFINITE_RECURSION = YES;
				CLANG_WARN_INT_CONVERSION = YES;
				CLANG_WARN_NON_LITERAL_NULL_CONVERSION = YES;
				CLANG_WARN_OBJC_IMPLICIT_RETAIN_SELF = YES;
				CLANG_WARN_OBJC_LITERAL_CONVERSION = YES;
				CLANG_WARN_OBJC_ROOT_CLASS = YES_ERROR;
				CLANG_WARN_QUOTED_INCLUDE_IN_FRAMEWORK_HEADER = YES;
				CLANG_WARN_RANGE_LOOP_ANALYSIS = YES;
				CLANG_WARN_STRICT_PROTOTYPES = YES;
				CLANG_WARN_SUSPICIOUS_MOVE = YES;
				CLANG_WARN_UNGUARDED_AVAILABILITY = YES_AGGRESSIVE;
				CLANG_WARN_UNREACHABLE_CODE = YES;
				CLANG_WARN__DUPLICATE_METHOD_MATCH = YES;
				COPY_PHASE_STRIP = NO;
				DEBUG_INFORMATION_FORMAT = dwarf;
				ENABLE_STRICT_OBJC_MSGSEND = YES;
				ENABLE_TESTABILITY = YES;
				GCC_C_LANGUAGE_STANDARD = gnu11;
				GCC_DYNAMIC_NO_PIC = NO;
				GCC_NO_COMMON_BLOCKS = YES;
				GCC_OPTIMIZATION_LEVEL = 0;
				GCC_PREPROCESSOR_DEFINITIONS = (
					"DEBUG=1",
					"$(inherited)",
				);
				GCC_WARN_64_TO_32_BIT_CONVERSION = YES;
				GCC_WARN_ABOUT_RETURN_TYPE = YES_ERROR;
				GCC_WARN_UNDECLARED_SELECTOR = YES;
				GCC_WARN_UNINITIALIZED_AUTOS = YES_AGGRESSIVE;
				GCC_WARN_UNUSED_FUNCTION = YES;
				GCC_WARN_UNUSED_VARIABLE = YES;
				MTL_ENABLE_DEBUG_INFO = INCLUDE_SOURCE;
				MTL_FAST_MATH = YES;
				ONLY_ACTIVE_ARCH = YES;
				SWIFT_ACTIVE_COMPILATION_CONDITIONS = DEBUG;
				SWIFT_OPTIMIZATION_LEVEL = "-Onone";
			};
			name = Debug;
		};
		511DD13324F693B0003BAA23 /* Release */ = {
			isa = XCBuildConfiguration;
			buildSettings = {
				ALWAYS_SEARCH_USER_PATHS = NO;
				CLANG_ANALYZER_NONNULL = YES;
				CLANG_ANALYZER_NUMBER_OBJECT_CONVERSION = YES_AGGRESSIVE;
				CLANG_CXX_LANGUAGE_STANDARD = "gnu++14";
				CLANG_CXX_LIBRARY = "libc++";
				CLANG_ENABLE_MODULES = YES;
				CLANG_ENABLE_OBJC_ARC = YES;
				CLANG_ENABLE_OBJC_WEAK = YES;
				CLANG_WARN_BLOCK_CAPTURE_AUTORELEASING = YES;
				CLANG_WARN_BOOL_CONVERSION = YES;
				CLANG_WARN_COMMA = YES;
				CLANG_WARN_CONSTANT_CONVERSION = YES;
				CLANG_WARN_DEPRECATED_OBJC_IMPLEMENTATIONS = YES;
				CLANG_WARN_DIRECT_OBJC_ISA_USAGE = YES_ERROR;
				CLANG_WARN_DOCUMENTATION_COMMENTS = YES;
				CLANG_WARN_EMPTY_BODY = YES;
				CLANG_WARN_ENUM_CONVERSION = YES;
				CLANG_WARN_INFINITE_RECURSION = YES;
				CLANG_WARN_INT_CONVERSION = YES;
				CLANG_WARN_NON_LITERAL_NULL_CONVERSION = YES;
				CLANG_WARN_OBJC_IMPLICIT_RETAIN_SELF = YES;
				CLANG_WARN_OBJC_LITERAL_CONVERSION = YES;
				CLANG_WARN_OBJC_ROOT_CLASS = YES_ERROR;
				CLANG_WARN_QUOTED_INCLUDE_IN_FRAMEWORK_HEADER = YES;
				CLANG_WARN_RANGE_LOOP_ANALYSIS = YES;
				CLANG_WARN_STRICT_PROTOTYPES = YES;
				CLANG_WARN_SUSPICIOUS_MOVE = YES;
				CLANG_WARN_UNGUARDED_AVAILABILITY = YES_AGGRESSIVE;
				CLANG_WARN_UNREACHABLE_CODE = YES;
				CLANG_WARN__DUPLICATE_METHOD_MATCH = YES;
				COPY_PHASE_STRIP = NO;
				DEBUG_INFORMATION_FORMAT = "dwarf-with-dsym";
				ENABLE_NS_ASSERTIONS = NO;
				ENABLE_STRICT_OBJC_MSGSEND = YES;
				GCC_C_LANGUAGE_STANDARD = gnu11;
				GCC_NO_COMMON_BLOCKS = YES;
				GCC_WARN_64_TO_32_BIT_CONVERSION = YES;
				GCC_WARN_ABOUT_RETURN_TYPE = YES_ERROR;
				GCC_WARN_UNDECLARED_SELECTOR = YES;
				GCC_WARN_UNINITIALIZED_AUTOS = YES_AGGRESSIVE;
				GCC_WARN_UNUSED_FUNCTION = YES;
				GCC_WARN_UNUSED_VARIABLE = YES;
				MTL_ENABLE_DEBUG_INFO = NO;
				MTL_FAST_MATH = YES;
				SWIFT_COMPILATION_MODE = wholemodule;
				SWIFT_OPTIMIZATION_LEVEL = "-O";
			};
			name = Release;
		};
		511DD13524F693B0003BAA23 /* Debug */ = {
			isa = XCBuildConfiguration;
			buildSettings = {
				ASSETCATALOG_COMPILER_APPICON_NAME = AppIcon;
				ASSETCATALOG_COMPILER_GLOBAL_ACCENT_COLOR_NAME = AccentColor;
				CODE_SIGN_STYLE = Automatic;
				DEVELOPMENT_TEAM = R77BD8MPA8;
				ENABLE_PREVIEWS = YES;
				INFOPLIST_FILE = iOS/Info.plist;
				IPHONEOS_DEPLOYMENT_TARGET = 14.0;
				LD_RUNPATH_SEARCH_PATHS = (
					"$(inherited)",
					"@executable_path/Frameworks",
				);
				PRODUCT_BUNDLE_IDENTIFIER = "com.mazharul.huq.EnvironmentObject-Examples";
				PRODUCT_NAME = "EnvironmentObject Examples";
				SDKROOT = iphoneos;
				SWIFT_VERSION = 5.0;
				TARGETED_DEVICE_FAMILY = "1,2";
			};
			name = Debug;
		};
		511DD13624F693B0003BAA23 /* Release */ = {
			isa = XCBuildConfiguration;
			buildSettings = {
				ASSETCATALOG_COMPILER_APPICON_NAME = AppIcon;
				ASSETCATALOG_COMPILER_GLOBAL_ACCENT_COLOR_NAME = AccentColor;
				CODE_SIGN_STYLE = Automatic;
				DEVELOPMENT_TEAM = R77BD8MPA8;
				ENABLE_PREVIEWS = YES;
				INFOPLIST_FILE = iOS/Info.plist;
				IPHONEOS_DEPLOYMENT_TARGET = 14.0;
				LD_RUNPATH_SEARCH_PATHS = (
					"$(inherited)",
					"@executable_path/Frameworks",
				);
				PRODUCT_BUNDLE_IDENTIFIER = "com.mazharul.huq.EnvironmentObject-Examples";
				PRODUCT_NAME = "EnvironmentObject Examples";
				SDKROOT = iphoneos;
				SWIFT_VERSION = 5.0;
				TARGETED_DEVICE_FAMILY = "1,2";
				VALIDATE_PRODUCT = YES;
			};
			name = Release;
		};
		511DD13824F693B0003BAA23 /* Debug */ = {
			isa = XCBuildConfiguration;
			buildSettings = {
				ASSETCATALOG_COMPILER_APPICON_NAME = AppIcon;
				ASSETCATALOG_COMPILER_GLOBAL_ACCENT_COLOR_NAME = AccentColor;
				CODE_SIGN_ENTITLEMENTS = macOS/macOS.entitlements;
				CODE_SIGN_STYLE = Automatic;
				COMBINE_HIDPI_IMAGES = YES;
				DEVELOPMENT_TEAM = R77BD8MPA8;
				ENABLE_HARDENED_RUNTIME = YES;
				ENABLE_PREVIEWS = YES;
				INFOPLIST_FILE = macOS/Info.plist;
				LD_RUNPATH_SEARCH_PATHS = (
					"$(inherited)",
					"@executable_path/../Frameworks",
				);
				MACOSX_DEPLOYMENT_TARGET = 11.0;
				PRODUCT_BUNDLE_IDENTIFIER = "com.mazharul.huq.EnvironmentObject-Examples";
				PRODUCT_NAME = "EnvironmentObject Examples";
				SDKROOT = macosx;
				SWIFT_VERSION = 5.0;
			};
			name = Debug;
		};
		511DD13924F693B0003BAA23 /* Release */ = {
			isa = XCBuildConfiguration;
			buildSettings = {
				ASSETCATALOG_COMPILER_APPICON_NAME = AppIcon;
				ASSETCATALOG_COMPILER_GLOBAL_ACCENT_COLOR_NAME = AccentColor;
				CODE_SIGN_ENTITLEMENTS = macOS/macOS.entitlements;
				CODE_SIGN_STYLE = Automatic;
				COMBINE_HIDPI_IMAGES = YES;
				DEVELOPMENT_TEAM = R77BD8MPA8;
				ENABLE_HARDENED_RUNTIME = YES;
				ENABLE_PREVIEWS = YES;
				INFOPLIST_FILE = macOS/Info.plist;
				LD_RUNPATH_SEARCH_PATHS = (
					"$(inherited)",
					"@executable_path/../Frameworks",
				);
				MACOSX_DEPLOYMENT_TARGET = 11.0;
				PRODUCT_BUNDLE_IDENTIFIER = "com.mazharul.huq.EnvironmentObject-Examples";
				PRODUCT_NAME = "EnvironmentObject Examples";
				SDKROOT = macosx;
				SWIFT_VERSION = 5.0;
			};
			name = Release;
		};
/* End XCBuildConfiguration section */

/* Begin XCConfigurationList section */
		511DD11724F693AD003BAA23 /* Build configuration list for PBXProject "EnvironmentObject Examples" */ = {
			isa = XCConfigurationList;
			buildConfigurations = (
				511DD13224F693B0003BAA23 /* Debug */,
				511DD13324F693B0003BAA23 /* Release */,
			);
			defaultConfigurationIsVisible = 0;
			defaultConfigurationName = Release;
		};
		511DD13424F693B0003BAA23 /* Build configuration list for PBXNativeTarget "EnvironmentObject Examples (iOS)" */ = {
			isa = XCConfigurationList;
			buildConfigurations = (
				511DD13524F693B0003BAA23 /* Debug */,
				511DD13624F693B0003BAA23 /* Release */,
			);
			defaultConfigurationIsVisible = 0;
			defaultConfigurationName = Release;
		};
		511DD13724F693B0003BAA23 /* Build configuration list for PBXNativeTarget "EnvironmentObject Examples (macOS)" */ = {
			isa = XCConfigurationList;
			buildConfigurations = (
				511DD13824F693B0003BAA23 /* Debug */,
				511DD13924F693B0003BAA23 /* Release */,
			);
			defaultConfigurationIsVisible = 0;
			defaultConfigurationName = Release;
		};
/* End XCConfigurationList section */
	};
	rootObject = 511DD11424F693AD003BAA23 /* Project object */;
}
