// !$*UTF8*$!
{
	archiveVersion = 1;
	classes = {
	};
	objectVersion = 50;
	objects = {

/* Begin PBXBuildFile section */
		511CC08624F3420500C5A95F /* Binding_ExamplesApp.swift in Sources */ = {isa = PBXBuildFile; fileRef = 511CC07324F3420100C5A95F /* Binding_ExamplesApp.swift */; };
		511CC08724F3420500C5A95F /* Binding_ExamplesApp.swift in Sources */ = {isa = PBXBuildFile; fileRef = 511CC07324F3420100C5A95F /* Binding_ExamplesApp.swift */; };
		511CC08824F3420500C5A95F /* ContentView.swift in Sources */ = {isa = PBXBuildFile; fileRef = 511CC07424F3420100C5A95F /* ContentView.swift */; };
		511CC08924F3420500C5A95F /* ContentView.swift in Sources */ = {isa = PBXBuildFile; fileRef = 511CC07424F3420100C5A95F /* ContentView.swift */; };
		511CC08A24F3420500C5A95F /* Assets.xcassets in Resources */ = {isa = PBXBuildFile; fileRef = 511CC07524F3420500C5A95F /* Assets.xcassets */; };
		511CC08B24F3420500C5A95F /* Assets.xcassets in Resources */ = {isa = PBXBuildFile; fileRef = 511CC07524F3420500C5A95F /* Assets.xcassets */; };
		5124853924F3FBCA00751146 /* ParentChildBindingView.swift in Sources */ = {isa = PBXBuildFile; fileRef = 5124853824F3FBCA00751146 /* ParentChildBindingView.swift */; };
		5124853A24F3FBCA00751146 /* ParentChildBindingView.swift in Sources */ = {isa = PBXBuildFile; fileRef = 5124853824F3FBCA00751146 /* ParentChildBindingView.swift */; };
		5124853C24F3FDF100751146 /* FirstChildView.swift in Sources */ = {isa = PBXBuildFile; fileRef = 5124853B24F3FDF100751146 /* FirstChildView.swift */; };
		5124853D24F3FDF100751146 /* FirstChildView.swift in Sources */ = {isa = PBXBuildFile; fileRef = 5124853B24F3FDF100751146 /* FirstChildView.swift */; };
		5124853F24F4012900751146 /* SecondChildView.swift in Sources */ = {isa = PBXBuildFile; fileRef = 5124853E24F4012900751146 /* SecondChildView.swift */; };
		5124854024F4012900751146 /* SecondChildView.swift in Sources */ = {isa = PBXBuildFile; fileRef = 5124853E24F4012900751146 /* SecondChildView.swift */; };
		5124854524F411B000751146 /* User.swift in Sources */ = {isa = PBXBuildFile; fileRef = 5124854424F411B000751146 /* User.swift */; };
		5124854624F411B000751146 /* User.swift in Sources */ = {isa = PBXBuildFile; fileRef = 5124854424F411B000751146 /* User.swift */; };
		5124854824F42E7800751146 /* UserInfoView.swift in Sources */ = {isa = PBXBuildFile; fileRef = 5124854724F42E7800751146 /* UserInfoView.swift */; };
		5124854924F42E7800751146 /* UserInfoView.swift in Sources */ = {isa = PBXBuildFile; fileRef = 5124854724F42E7800751146 /* UserInfoView.swift */; };
		5124854B24F4354300751146 /* EditUserView.swift in Sources */ = {isa = PBXBuildFile; fileRef = 5124854A24F4354300751146 /* EditUserView.swift */; };
		5124854C24F4354300751146 /* EditUserView.swift in Sources */ = {isa = PBXBuildFile; fileRef = 5124854A24F4354300751146 /* EditUserView.swift */; };
/* End PBXBuildFile section */

/* Begin PBXFileReference section */
		511CC07324F3420100C5A95F /* Binding_ExamplesApp.swift */ = {isa = PBXFileReference; lastKnownFileType = sourcecode.swift; path = Binding_ExamplesApp.swift; sourceTree = "<group>"; };
		511CC07424F3420100C5A95F /* ContentView.swift */ = {isa = PBXFileReference; lastKnownFileType = sourcecode.swift; path = ContentView.swift; sourceTree = "<group>"; };
		511CC07524F3420500C5A95F /* Assets.xcassets */ = {isa = PBXFileReference; lastKnownFileType = folder.assetcatalog; path = Assets.xcassets; sourceTree = "<group>"; };
		511CC07A24F3420500C5A95F /* Binding Examples.app */ = {isa = PBXFileReference; explicitFileType = wrapper.application; includeInIndex = 0; path = "Binding Examples.app"; sourceTree = BUILT_PRODUCTS_DIR; };
		511CC07D24F3420500C5A95F /* Info.plist */ = {isa = PBXFileReference; lastKnownFileType = text.plist.xml; path = Info.plist; sourceTree = "<group>"; };
		511CC08224F3420500C5A95F /* Binding Examples.app */ = {isa = PBXFileReference; explicitFileType = wrapper.application; includeInIndex = 0; path = "Binding Examples.app"; sourceTree = BUILT_PRODUCTS_DIR; };
		511CC08424F3420500C5A95F /* Info.plist */ = {isa = PBXFileReference; lastKnownFileType = text.plist.xml; path = Info.plist; sourceTree = "<group>"; };
		511CC08524F3420500C5A95F /* macOS.entitlements */ = {isa = PBXFileReference; lastKnownFileType = text.plist.entitlements; path = macOS.entitlements; sourceTree = "<group>"; };
		5124853824F3FBCA00751146 /* ParentChildBindingView.swift */ = {isa = PBXFileReference; lastKnownFileType = sourcecode.swift; path = ParentChildBindingView.swift; sourceTree = "<group>"; };
		5124853B24F3FDF100751146 /* FirstChildView.swift */ = {isa = PBXFileReference; lastKnownFileType = sourcecode.swift; path = FirstChildView.swift; sourceTree = "<group>"; };
		5124853E24F4012900751146 /* SecondChildView.swift */ = {isa = PBXFileReference; lastKnownFileType = sourcecode.swift; path = SecondChildView.swift; sourceTree = "<group>"; };
		5124854424F411B000751146 /* User.swift */ = {isa = PBXFileReference; lastKnownFileType = sourcecode.swift; path = User.swift; sourceTree = "<group>"; };
		5124854724F42E7800751146 /* UserInfoView.swift */ = {isa = PBXFileReference; lastKnownFileType = sourcecode.swift; path = UserInfoView.swift; sourceTree = "<group>"; };
		5124854A24F4354300751146 /* EditUserView.swift */ = {isa = PBXFileReference; lastKnownFileType = sourcecode.swift; path = EditUserView.swift; sourceTree = "<group>"; };
/* End PBXFileReference section */

/* Begin PBXFrameworksBuildPhase section */
		511CC07724F3420500C5A95F /* Frameworks */ = {
			isa = PBXFrameworksBuildPhase;
			buildActionMask = 2147483647;
			files = (
			);
			runOnlyForDeploymentPostprocessing = 0;
		};
		511CC07F24F3420500C5A95F /* Frameworks */ = {
			isa = PBXFrameworksBuildPhase;
			buildActionMask = 2147483647;
			files = (
			);
			runOnlyForDeploymentPostprocessing = 0;
		};
/* End PBXFrameworksBuildPhase section */

/* Begin PBXGroup section */
		511CC06D24F3420100C5A95F = {
			isa = PBXGroup;
			children = (
				511CC07224F3420100C5A95F /* Shared */,
				511CC07C24F3420500C5A95F /* iOS */,
				511CC08324F3420500C5A95F /* macOS */,
				511CC07B24F3420500C5A95F /* Products */,
			);
			sourceTree = "<group>";
		};
		511CC07224F3420100C5A95F /* Shared */ = {
			isa = PBXGroup;
			children = (
				511CC07324F3420100C5A95F /* Binding_ExamplesApp.swift */,
				511CC07424F3420100C5A95F /* ContentView.swift */,
				5124853824F3FBCA00751146 /* ParentChildBindingView.swift */,
				5124853B24F3FDF100751146 /* FirstChildView.swift */,
				5124853E24F4012900751146 /* SecondChildView.swift */,
				5124854724F42E7800751146 /* UserInfoView.swift */,
				5124854A24F4354300751146 /* EditUserView.swift */,
				5124854424F411B000751146 /* User.swift */,
				511CC07524F3420500C5A95F /* Assets.xcassets */,
			);
			path = Shared;
			sourceTree = "<group>";
		};
		511CC07B24F3420500C5A95F /* Products */ = {
			isa = PBXGroup;
			children = (
				511CC07A24F3420500C5A95F /* Binding Examples.app */,
				511CC08224F3420500C5A95F /* Binding Examples.app */,
			);
			name = Products;
			sourceTree = "<group>";
		};
		511CC07C24F3420500C5A95F /* iOS */ = {
			isa = PBXGroup;
			children = (
				511CC07D24F3420500C5A95F /* Info.plist */,
			);
			path = iOS;
			sourceTree = "<group>";
		};
		511CC08324F3420500C5A95F /* macOS */ = {
			isa = PBXGroup;
			children = (
				511CC08424F3420500C5A95F /* Info.plist */,
				511CC08524F3420500C5A95F /* macOS.entitlements */,
			);
			path = macOS;
			sourceTree = "<group>";
		};
/* End PBXGroup section */

/* Begin PBXNativeTarget section */
		511CC07924F3420500C5A95F /* Binding Examples (iOS) */ = {
			isa = PBXNativeTarget;
			buildConfigurationList = 511CC08E24F3420500C5A95F /* Build configuration list for PBXNativeTarget "Binding Examples (iOS)" */;
			buildPhases = (
				511CC07624F3420500C5A95F /* Sources */,
				511CC07724F3420500C5A95F /* Frameworks */,
				511CC07824F3420500C5A95F /* Resources */,
			);
			buildRules = (
			);
			dependencies = (
			);
			name = "Binding Examples (iOS)";
			productName = "Binding Examples (iOS)";
			productReference = 511CC07A24F3420500C5A95F /* Binding Examples.app */;
			productType = "com.apple.product-type.application";
		};
		511CC08124F3420500C5A95F /* Binding Examples (macOS) */ = {
			isa = PBXNativeTarget;
			buildConfigurationList = 511CC09124F3420500C5A95F /* Build configuration list for PBXNativeTarget "Binding Examples (macOS)" */;
			buildPhases = (
				511CC07E24F3420500C5A95F /* Sources */,
				511CC07F24F3420500C5A95F /* Frameworks */,
				511CC08024F3420500C5A95F /* Resources */,
			);
			buildRules = (
			);
			dependencies = (
			);
			name = "Binding Examples (macOS)";
			productName = "Binding Examples (macOS)";
			productReference = 511CC08224F3420500C5A95F /* Binding Examples.app */;
			productType = "com.apple.product-type.application";
		};
/* End PBXNativeTarget section */

/* Begin PBXProject section */
		511CC06E24F3420100C5A95F /* Project object */ = {
			isa = PBXProject;
			attributes = {
				LastSwiftUpdateCheck = 1200;
				LastUpgradeCheck = 1200;
				TargetAttributes = {
					511CC07924F3420500C5A95F = {
						CreatedOnToolsVersion = 12.0;
					};
					511CC08124F3420500C5A95F = {
						CreatedOnToolsVersion = 12.0;
					};
				};
			};
			buildConfigurationList = 511CC07124F3420100C5A95F /* Build configuration list for PBXProject "Binding Examples" */;
			compatibilityVersion = "Xcode 9.3";
			developmentRegion = en;
			hasScannedForEncodings = 0;
			knownRegions = (
				en,
				Base,
			);
			mainGroup = 511CC06D24F3420100C5A95F;
			productRefGroup = 511CC07B24F3420500C5A95F /* Products */;
			projectDirPath = "";
			projectRoot = "";
			targets = (
				511CC07924F3420500C5A95F /* Binding Examples (iOS) */,
				511CC08124F3420500C5A95F /* Binding Examples (macOS) */,
			);
		};
/* End PBXProject section */

/* Begin PBXResourcesBuildPhase section */
		511CC07824F3420500C5A95F /* Resources */ = {
			isa = PBXResourcesBuildPhase;
			buildActionMask = 2147483647;
			files = (
				511CC08A24F3420500C5A95F /* Assets.xcassets in Resources */,
			);
			runOnlyForDeploymentPostprocessing = 0;
		};
		511CC08024F3420500C5A95F /* Resources */ = {
			isa = PBXResourcesBuildPhase;
			buildActionMask = 2147483647;
			files = (
				511CC08B24F3420500C5A95F /* Assets.xcassets in Resources */,
			);
			runOnlyForDeploymentPostprocessing = 0;
		};
/* End PBXResourcesBuildPhase section */

/* Begin PBXSourcesBuildPhase section */
		511CC07624F3420500C5A95F /* Sources */ = {
			isa = PBXSourcesBuildPhase;
			buildActionMask = 2147483647;
			files = (
				511CC08824F3420500C5A95F /* ContentView.swift in Sources */,
				5124854824F42E7800751146 /* UserInfoView.swift in Sources */,
				5124853924F3FBCA00751146 /* ParentChildBindingView.swift in Sources */,
				5124854524F411B000751146 /* User.swift in Sources */,
				5124853C24F3FDF100751146 /* FirstChildView.swift in Sources */,
				5124854B24F4354300751146 /* EditUserView.swift in Sources */,
				5124853F24F4012900751146 /* SecondChildView.swift in Sources */,
				511CC08624F3420500C5A95F /* Binding_ExamplesApp.swift in Sources */,
			);
			runOnlyForDeploymentPostprocessing = 0;
		};
		511CC07E24F3420500C5A95F /* Sources */ = {
			isa = PBXSourcesBuildPhase;
			buildActionMask = 2147483647;
			files = (
				511CC08924F3420500C5A95F /* ContentView.swift in Sources */,
				5124854924F42E7800751146 /* UserInfoView.swift in Sources */,
				5124853A24F3FBCA00751146 /* ParentChildBindingView.swift in Sources */,
				5124854624F411B000751146 /* User.swift in Sources */,
				5124853D24F3FDF100751146 /* FirstChildView.swift in Sources */,
				5124854C24F4354300751146 /* EditUserView.swift in Sources */,
				5124854024F4012900751146 /* SecondChildView.swift in Sources */,
				511CC08724F3420500C5A95F /* Binding_ExamplesApp.swift in Sources */,
			);
			runOnlyForDeploymentPostprocessing = 0;
		};
/* End PBXSourcesBuildPhase section */

/* Begin XCBuildConfiguration section */
		511CC08C24F3420500C5A95F /* Debug */ = {
			isa = XCBuildConfiguration;
			buildSettings = {
				ALWAYS_SEARCH_USER_PATHS = NO;
				CLANG_ANALYZER_NONNULL = YES;
				CLANG_ANALYZER_NUMBER_OBJECT_CONVERSION = YES_AGGRESSIVE;
				CLANG_CXX_LANGUAGE_STANDARD = "gnu++14";
				CLANG_CXX_LIBRARY = "libc++";
				CLANG_ENABLE_MODULES = YES;
				CLANG_ENABLE_OBJC_ARC = YES;
				CLANG_ENABLE_OBJC_WEAK = YES;
				CLANG_WARN_BLOCK_CAPTURE_AUTORELEASING = YES;
				CLANG_WARN_BOOL_CONVERSION = YES;
				CLANG_WARN_COMMA = YES;
				CLANG_WARN_CONSTANT_CONVERSION = YES;
				CLANG_WARN_DEPRECATED_OBJC_IMPLEMENTATIONS = YES;
				CLANG_WARN_DIRECT_OBJC_ISA_USAGE = YES_ERROR;
				CLANG_WARN_DOCUMENTATION_COMMENTS = YES;
				CLANG_WARN_EMPTY_BODY = YES;
				CLANG_WARN_ENUM_CONVERSION = YES;
				CLANG_WARN_INFINITE_RECURSION = YES;
				CLANG_WARN_INT_CONVERSION = YES;
				CLANG_WARN_NON_LITERAL_NULL_CONVERSION = YES;
				CLANG_WARN_OBJC_IMPLICIT_RETAIN_SELF = YES;
				CLANG_WARN_OBJC_LITERAL_CONVERSION = YES;
				CLANG_WARN_OBJC_ROOT_CLASS = YES_ERROR;
				CLANG_WARN_QUOTED_INCLUDE_IN_FRAMEWORK_HEADER = YES;
				CLANG_WARN_RANGE_LOOP_ANALYSIS = YES;
				CLANG_WARN_STRICT_PROTOTYPES = YES;
				CLANG_WARN_SUSPICIOUS_MOVE = YES;
				CLANG_WARN_UNGUARDED_AVAILABILITY = YES_AGGRESSIVE;
				CLANG_WARN_UNREACHABLE_CODE = YES;
				CLANG_WARN__DUPLICATE_METHOD_MATCH = YES;
				COPY_PHASE_STRIP = NO;
				DEBUG_INFORMATION_FORMAT = dwarf;
				ENABLE_STRICT_OBJC_MSGSEND = YES;
				ENABLE_TESTABILITY = YES;
				GCC_C_LANGUAGE_STANDARD = gnu11;
				GCC_DYNAMIC_NO_PIC = NO;
				GCC_NO_COMMON_BLOCKS = YES;
				GCC_OPTIMIZATION_LEVEL = 0;
				GCC_PREPROCESSOR_DEFINITIONS = (
					"DEBUG=1",
					"$(inherited)",
				);
				GCC_WARN_64_TO_32_BIT_CONVERSION = YES;
				GCC_WARN_ABOUT_RETURN_TYPE = YES_ERROR;
				GCC_WARN_UNDECLARED_SELECTOR = YES;
				GCC_WARN_UNINITIALIZED_AUTOS = YES_AGGRESSIVE;
				GCC_WARN_UNUSED_FUNCTION = YES;
				GCC_WARN_UNUSED_VARIABLE = YES;
				MTL_ENABLE_DEBUG_INFO = INCLUDE_SOURCE;
				MTL_FAST_MATH = YES;
				ONLY_ACTIVE_ARCH = YES;
				SWIFT_ACTIVE_COMPILATION_CONDITIONS = DEBUG;
				SWIFT_OPTIMIZATION_LEVEL = "-Onone";
			};
			name = Debug;
		};
		511CC08D24F3420500C5A95F /* Release */ = {
			isa = XCBuildConfiguration;
			buildSettings = {
				ALWAYS_SEARCH_USER_PATHS = NO;
				CLANG_ANALYZER_NONNULL = YES;
				CLANG_ANALYZER_NUMBER_OBJECT_CONVERSION = YES_AGGRESSIVE;
				CLANG_CXX_LANGUAGE_STANDARD = "gnu++14";
				CLANG_CXX_LIBRARY = "libc++";
				CLANG_ENABLE_MODULES = YES;
				CLANG_ENABLE_OBJC_ARC = YES;
				CLANG_ENABLE_OBJC_WEAK = YES;
				CLANG_WARN_BLOCK_CAPTURE_AUTORELEASING = YES;
				CLANG_WARN_BOOL_CONVERSION = YES;
				CLANG_WARN_COMMA = YES;
				CLANG_WARN_CONSTANT_CONVERSION = YES;
				CLANG_WARN_DEPRECATED_OBJC_IMPLEMENTATIONS = YES;
				CLANG_WARN_DIRECT_OBJC_ISA_USAGE = YES_ERROR;
				CLANG_WARN_DOCUMENTATION_COMMENTS = YES;
				CLANG_WARN_EMPTY_BODY = YES;
				CLANG_WARN_ENUM_CONVERSION = YES;
				CLANG_WARN_INFINITE_RECURSION = YES;
				CLANG_WARN_INT_CONVERSION = YES;
				CLANG_WARN_NON_LITERAL_NULL_CONVERSION = YES;
				CLANG_WARN_OBJC_IMPLICIT_RETAIN_SELF = YES;
				CLANG_WARN_OBJC_LITERAL_CONVERSION = YES;
				CLANG_WARN_OBJC_ROOT_CLASS = YES_ERROR;
				CLANG_WARN_QUOTED_INCLUDE_IN_FRAMEWORK_HEADER = YES;
				CLANG_WARN_RANGE_LOOP_ANALYSIS = YES;
				CLANG_WARN_STRICT_PROTOTYPES = YES;
				CLANG_WARN_SUSPICIOUS_MOVE = YES;
				CLANG_WARN_UNGUARDED_AVAILABILITY = YES_AGGRESSIVE;
				CLANG_WARN_UNREACHABLE_CODE = YES;
				CLANG_WARN__DUPLICATE_METHOD_MATCH = YES;
				COPY_PHASE_STRIP = NO;
				DEBUG_INFORMATION_FORMAT = "dwarf-with-dsym";
				ENABLE_NS_ASSERTIONS = NO;
				ENABLE_STRICT_OBJC_MSGSEND = YES;
				GCC_C_LANGUAGE_STANDARD = gnu11;
				GCC_NO_COMMON_BLOCKS = YES;
				GCC_WARN_64_TO_32_BIT_CONVERSION = YES;
				GCC_WARN_ABOUT_RETURN_TYPE = YES_ERROR;
				GCC_WARN_UNDECLARED_SELECTOR = YES;
				GCC_WARN_UNINITIALIZED_AUTOS = YES_AGGRESSIVE;
				GCC_WARN_UNUSED_FUNCTION = YES;
				GCC_WARN_UNUSED_VARIABLE = YES;
				MTL_ENABLE_DEBUG_INFO = NO;
				MTL_FAST_MATH = YES;
				SWIFT_COMPILATION_MODE = wholemodule;
				SWIFT_OPTIMIZATION_LEVEL = "-O";
			};
			name = Release;
		};
		511CC08F24F3420500C5A95F /* Debug */ = {
			isa = XCBuildConfiguration;
			buildSettings = {
				ASSETCATALOG_COMPILER_APPICON_NAME = AppIcon;
				ASSETCATALOG_COMPILER_GLOBAL_ACCENT_COLOR_NAME = AccentColor;
				CODE_SIGN_STYLE = Automatic;
				DEVELOPMENT_TEAM = R77BD8MPA8;
				ENABLE_PREVIEWS = YES;
				INFOPLIST_FILE = iOS/Info.plist;
				IPHONEOS_DEPLOYMENT_TARGET = 14.0;
				LD_RUNPATH_SEARCH_PATHS = (
					"$(inherited)",
					"@executable_path/Frameworks",
				);
				PRODUCT_BUNDLE_IDENTIFIER = "com.mazharul.huq.Binding-Examples";
				PRODUCT_NAME = "Binding Examples";
				SDKROOT = iphoneos;
				SWIFT_VERSION = 5.0;
				TARGETED_DEVICE_FAMILY = "1,2";
			};
			name = Debug;
		};
		511CC09024F3420500C5A95F /* Release */ = {
			isa = XCBuildConfiguration;
			buildSettings = {
				ASSETCATALOG_COMPILER_APPICON_NAME = AppIcon;
				ASSETCATALOG_COMPILER_GLOBAL_ACCENT_COLOR_NAME = AccentColor;
				CODE_SIGN_STYLE = Automatic;
				DEVELOPMENT_TEAM = R77BD8MPA8;
				ENABLE_PREVIEWS = YES;
				INFOPLIST_FILE = iOS/Info.plist;
				IPHONEOS_DEPLOYMENT_TARGET = 14.0;
				LD_RUNPATH_SEARCH_PATHS = (
					"$(inherited)",
					"@executable_path/Frameworks",
				);
				PRODUCT_BUNDLE_IDENTIFIER = "com.mazharul.huq.Binding-Examples";
				PRODUCT_NAME = "Binding Examples";
				SDKROOT = iphoneos;
				SWIFT_VERSION = 5.0;
				TARGETED_DEVICE_FAMILY = "1,2";
				VALIDATE_PRODUCT = YES;
			};
			name = Release;
		};
		511CC09224F3420500C5A95F /* Debug */ = {
			isa = XCBuildConfiguration;
			buildSettings = {
				ASSETCATALOG_COMPILER_APPICON_NAME = AppIcon;
				ASSETCATALOG_COMPILER_GLOBAL_ACCENT_COLOR_NAME = AccentColor;
				CODE_SIGN_ENTITLEMENTS = macOS/macOS.entitlements;
				CODE_SIGN_STYLE = Automatic;
				COMBINE_HIDPI_IMAGES = YES;
				DEVELOPMENT_TEAM = R77BD8MPA8;
				ENABLE_HARDENED_RUNTIME = YES;
				ENABLE_PREVIEWS = YES;
				INFOPLIST_FILE = macOS/Info.plist;
				LD_RUNPATH_SEARCH_PATHS = (
					"$(inherited)",
					"@executable_path/../Frameworks",
				);
				MACOSX_DEPLOYMENT_TARGET = 11.0;
				PRODUCT_BUNDLE_IDENTIFIER = "com.mazharul.huq.Binding-Examples";
				PRODUCT_NAME = "Binding Examples";
				SDKROOT = macosx;
				SWIFT_VERSION = 5.0;
			};
			name = Debug;
		};
		511CC09324F3420500C5A95F /* Release */ = {
			isa = XCBuildConfiguration;
			buildSettings = {
				ASSETCATALOG_COMPILER_APPICON_NAME = AppIcon;
				ASSETCATALOG_COMPILER_GLOBAL_ACCENT_COLOR_NAME = AccentColor;
				CODE_SIGN_ENTITLEMENTS = macOS/macOS.entitlements;
				CODE_SIGN_STYLE = Automatic;
				COMBINE_HIDPI_IMAGES = YES;
				DEVELOPMENT_TEAM = R77BD8MPA8;
				ENABLE_HARDENED_RUNTIME = YES;
				ENABLE_PREVIEWS = YES;
				INFOPLIST_FILE = macOS/Info.plist;
				LD_RUNPATH_SEARCH_PATHS = (
					"$(inherited)",
					"@executable_path/../Frameworks",
				);
				MACOSX_DEPLOYMENT_TARGET = 11.0;
				PRODUCT_BUNDLE_IDENTIFIER = "com.mazharul.huq.Binding-Examples";
				PRODUCT_NAME = "Binding Examples";
				SDKROOT = macosx;
				SWIFT_VERSION = 5.0;
			};
			name = Release;
		};
/* End XCBuildConfiguration section */

/* Begin XCConfigurationList section */
		511CC07124F3420100C5A95F /* Build configuration list for PBXProject "Binding Examples" */ = {
			isa = XCConfigurationList;
			buildConfigurations = (
				511CC08C24F3420500C5A95F /* Debug */,
				511CC08D24F3420500C5A95F /* Release */,
			);
			defaultConfigurationIsVisible = 0;
			defaultConfigurationName = Release;
		};
		511CC08E24F3420500C5A95F /* Build configuration list for PBXNativeTarget "Binding Examples (iOS)" */ = {
			isa = XCConfigurationList;
			buildConfigurations = (
				511CC08F24F3420500C5A95F /* Debug */,
				511CC09024F3420500C5A95F /* Release */,
			);
			defaultConfigurationIsVisible = 0;
			defaultConfigurationName = Release;
		};
		511CC09124F3420500C5A95F /* Build configuration list for PBXNativeTarget "Binding Examples (macOS)" */ = {
			isa = XCConfigurationList;
			buildConfigurations = (
				511CC09224F3420500C5A95F /* Debug */,
				511CC09324F3420500C5A95F /* Release */,
			);
			defaultConfigurationIsVisible = 0;
			defaultConfigurationName = Release;
		};
/* End XCConfigurationList section */
	};
	rootObject = 511CC06E24F3420100C5A95F /* Project object */;
}
